// !$*UTF8*$!
{
	archiveVersion = 1;
	classes = {
	};
	objectVersion = 55;
	objects = {

/* Begin PBXBuildFile section */
		1985E244E94A14AC3650E7B8 /* Pods_GeoWeatherApp.framework in Frameworks */ = {isa = PBXBuildFile; fileRef = 526110E4495E0BE54B833185 /* Pods_GeoWeatherApp.framework */; };
		35029DDB2802D59F00DDFC1E /* +UIView.swift in Sources */ = {isa = PBXBuildFile; fileRef = 35029DDA2802D59F00DDFC1E /* +UIView.swift */; };
		35029DDE2802FFE700DDFC1E /* MapView.swift in Sources */ = {isa = PBXBuildFile; fileRef = 35029DDD2802FFE700DDFC1E /* MapView.swift */; };
		35029DE02802FFF900DDFC1E /* CityTemperatureView.swift in Sources */ = {isa = PBXBuildFile; fileRef = 35029DDF2802FFF900DDFC1E /* CityTemperatureView.swift */; };
		35029DE32803002400DDFC1E /* MapTableViewCell.swift in Sources */ = {isa = PBXBuildFile; fileRef = 35029DE22803002400DDFC1E /* MapTableViewCell.swift */; };
		35029DE52803003700DDFC1E /* TemperatureTableViewCell.swift in Sources */ = {isa = PBXBuildFile; fileRef = 35029DE42803003700DDFC1E /* TemperatureTableViewCell.swift */; };
		3510355F27C8DB2700993B76 /* OpenWeatherData.swift in Sources */ = {isa = PBXBuildFile; fileRef = 3510355E27C8DB2700993B76 /* OpenWeatherData.swift */; };
		35A83BBD28A6FED100665872 /* +UIStackView.swift in Sources */ = {isa = PBXBuildFile; fileRef = 35A83BBC28A6FED100665872 /* +UIStackView.swift */; };
		35A83BC028A7F9C500665872 /* Transfers.swift in Sources */ = {isa = PBXBuildFile; fileRef = 35A83BBF28A7F9C500665872 /* Transfers.swift */; };
		35EB1CB627C8D94300FA0864 /* AppDelegate.swift in Sources */ = {isa = PBXBuildFile; fileRef = 35EB1CB527C8D94300FA0864 /* AppDelegate.swift */; };
		35EB1CB827C8D94300FA0864 /* SceneDelegate.swift in Sources */ = {isa = PBXBuildFile; fileRef = 35EB1CB727C8D94300FA0864 /* SceneDelegate.swift */; };
		35EB1CBA27C8D94300FA0864 /* ViewController.swift in Sources */ = {isa = PBXBuildFile; fileRef = 35EB1CB927C8D94300FA0864 /* ViewController.swift */; };
		35EB1CBD27C8D94300FA0864 /* Main.storyboard in Resources */ = {isa = PBXBuildFile; fileRef = 35EB1CBB27C8D94300FA0864 /* Main.storyboard */; };
		35EB1CBF27C8D94400FA0864 /* Assets.xcassets in Resources */ = {isa = PBXBuildFile; fileRef = 35EB1CBE27C8D94400FA0864 /* Assets.xcassets */; };
		35EB1CC227C8D94400FA0864 /* LaunchScreen.storyboard in Resources */ = {isa = PBXBuildFile; fileRef = 35EB1CC027C8D94400FA0864 /* LaunchScreen.storyboard */; };
		35EB1CCA27C8D94D00FA0864 /* APIManager.swift in Sources */ = {isa = PBXBuildFile; fileRef = 35EB1CC927C8D94D00FA0864 /* APIManager.swift */; };
/* End PBXBuildFile section */

/* Begin PBXFileReference section */
		348C56B55F5EEB07275E8F10 /* Pods-GeoWeatherApp.release.xcconfig */ = {isa = PBXFileReference; includeInIndex = 1; lastKnownFileType = text.xcconfig; name = "Pods-GeoWeatherApp.release.xcconfig"; path = "Target Support Files/Pods-GeoWeatherApp/Pods-GeoWeatherApp.release.xcconfig"; sourceTree = "<group>"; };
		35029DDA2802D59F00DDFC1E /* +UIView.swift */ = {isa = PBXFileReference; lastKnownFileType = sourcecode.swift; path = "+UIView.swift"; sourceTree = "<group>"; };
		35029DDD2802FFE700DDFC1E /* MapView.swift */ = {isa = PBXFileReference; lastKnownFileType = sourcecode.swift; path = MapView.swift; sourceTree = "<group>"; };
		35029DDF2802FFF900DDFC1E /* CityTemperatureView.swift */ = {isa = PBXFileReference; lastKnownFileType = sourcecode.swift; path = CityTemperatureView.swift; sourceTree = "<group>"; };
		35029DE22803002400DDFC1E /* MapTableViewCell.swift */ = {isa = PBXFileReference; lastKnownFileType = sourcecode.swift; path = MapTableViewCell.swift; sourceTree = "<group>"; };
		35029DE42803003700DDFC1E /* TemperatureTableViewCell.swift */ = {isa = PBXFileReference; lastKnownFileType = sourcecode.swift; path = TemperatureTableViewCell.swift; sourceTree = "<group>"; };
		3510355E27C8DB2700993B76 /* OpenWeatherData.swift */ = {isa = PBXFileReference; lastKnownFileType = sourcecode.swift; path = OpenWeatherData.swift; sourceTree = "<group>"; };
		35A83BBC28A6FED100665872 /* +UIStackView.swift */ = {isa = PBXFileReference; lastKnownFileType = sourcecode.swift; path = "+UIStackView.swift"; sourceTree = "<group>"; };
		35A83BBF28A7F9C500665872 /* Transfers.swift */ = {isa = PBXFileReference; lastKnownFileType = sourcecode.swift; path = Transfers.swift; sourceTree = "<group>"; };
		35EB1CB227C8D94300FA0864 /* GeoWeatherApp.app */ = {isa = PBXFileReference; explicitFileType = wrapper.application; includeInIndex = 0; path = GeoWeatherApp.app; sourceTree = BUILT_PRODUCTS_DIR; };
		35EB1CB527C8D94300FA0864 /* AppDelegate.swift */ = {isa = PBXFileReference; lastKnownFileType = sourcecode.swift; path = AppDelegate.swift; sourceTree = "<group>"; };
		35EB1CB727C8D94300FA0864 /* SceneDelegate.swift */ = {isa = PBXFileReference; lastKnownFileType = sourcecode.swift; path = SceneDelegate.swift; sourceTree = "<group>"; };
		35EB1CB927C8D94300FA0864 /* ViewController.swift */ = {isa = PBXFileReference; lastKnownFileType = sourcecode.swift; path = ViewController.swift; sourceTree = "<group>"; };
		35EB1CBC27C8D94300FA0864 /* Base */ = {isa = PBXFileReference; lastKnownFileType = file.storyboard; name = Base; path = Base.lproj/Main.storyboard; sourceTree = "<group>"; };
		35EB1CBE27C8D94400FA0864 /* Assets.xcassets */ = {isa = PBXFileReference; lastKnownFileType = folder.assetcatalog; path = Assets.xcassets; sourceTree = "<group>"; };
		35EB1CC127C8D94400FA0864 /* Base */ = {isa = PBXFileReference; lastKnownFileType = file.storyboard; name = Base; path = Base.lproj/LaunchScreen.storyboard; sourceTree = "<group>"; };
		35EB1CC327C8D94400FA0864 /* Info.plist */ = {isa = PBXFileReference; lastKnownFileType = text.plist.xml; path = Info.plist; sourceTree = "<group>"; };
		35EB1CC927C8D94D00FA0864 /* APIManager.swift */ = {isa = PBXFileReference; lastKnownFileType = sourcecode.swift; path = APIManager.swift; sourceTree = "<group>"; };
		526110E4495E0BE54B833185 /* Pods_GeoWeatherApp.framework */ = {isa = PBXFileReference; explicitFileType = wrapper.framework; includeInIndex = 0; path = Pods_GeoWeatherApp.framework; sourceTree = BUILT_PRODUCTS_DIR; };
		6541FA36C89ABA9AA539DB10 /* Pods-GeoWeatherApp.debug.xcconfig */ = {isa = PBXFileReference; includeInIndex = 1; lastKnownFileType = text.xcconfig; name = "Pods-GeoWeatherApp.debug.xcconfig"; path = "Target Support Files/Pods-GeoWeatherApp/Pods-GeoWeatherApp.debug.xcconfig"; sourceTree = "<group>"; };
/* End PBXFileReference section */

/* Begin PBXFrameworksBuildPhase section */
		35EB1CAF27C8D94300FA0864 /* Frameworks */ = {
			isa = PBXFrameworksBuildPhase;
			buildActionMask = 2147483647;
			files = (
				1985E244E94A14AC3650E7B8 /* Pods_GeoWeatherApp.framework in Frameworks */,
			);
			runOnlyForDeploymentPostprocessing = 0;
		};
/* End PBXFrameworksBuildPhase section */

/* Begin PBXGroup section */
		35029DD42802D29A00DDFC1E /* Models */ = {
			isa = PBXGroup;
			children = (
				3510355E27C8DB2700993B76 /* OpenWeatherData.swift */,
			);
			path = Models;
			sourceTree = "<group>";
		};
		35029DD52802D2BC00DDFC1E /* API */ = {
			isa = PBXGroup;
			children = (
				35EB1CC927C8D94D00FA0864 /* APIManager.swift */,
			);
			path = API;
			sourceTree = "<group>";
		};
		35029DD62802D2DA00DDFC1E /* Supports files */ = {
			isa = PBXGroup;
			children = (
				35EB1CBE27C8D94400FA0864 /* Assets.xcassets */,
				35EB1CC027C8D94400FA0864 /* LaunchScreen.storyboard */,
				35EB1CB527C8D94300FA0864 /* AppDelegate.swift */,
				35EB1CB727C8D94300FA0864 /* SceneDelegate.swift */,
			);
			path = "Supports files";
			sourceTree = "<group>";
		};
		35029DD72802D4F600DDFC1E /* View */ = {
			isa = PBXGroup;
			children = (
				35029DE12803000D00DDFC1E /* Cells */,
				35029DDC2802FFCD00DDFC1E /* Views */,
				35EB1CBB27C8D94300FA0864 /* Main.storyboard */,
			);
			path = View;
			sourceTree = "<group>";
		};
		35029DD82802D50500DDFC1E /* Controller */ = {
			isa = PBXGroup;
			children = (
				35EB1CB927C8D94300FA0864 /* ViewController.swift */,
			);
			path = Controller;
			sourceTree = "<group>";
		};
		35029DD92802D52700DDFC1E /* Extensions */ = {
			isa = PBXGroup;
			children = (
				35029DDA2802D59F00DDFC1E /* +UIView.swift */,
				35A83BBC28A6FED100665872 /* +UIStackView.swift */,
			);
			path = Extensions;
			sourceTree = "<group>";
		};
		35029DDC2802FFCD00DDFC1E /* Views */ = {
			isa = PBXGroup;
			children = (
				35029DDD2802FFE700DDFC1E /* MapView.swift */,
				35029DDF2802FFF900DDFC1E /* CityTemperatureView.swift */,
			);
			path = Views;
			sourceTree = "<group>";
		};
		35029DE12803000D00DDFC1E /* Cells */ = {
			isa = PBXGroup;
			children = (
				35029DE22803002400DDFC1E /* MapTableViewCell.swift */,
				35029DE42803003700DDFC1E /* TemperatureTableViewCell.swift */,
			);
			path = Cells;
			sourceTree = "<group>";
		};
		35A83BBE28A7F6F600665872 /* Protocols */ = {
			isa = PBXGroup;
			children = (
				35A83BBF28A7F9C500665872 /* Transfers.swift */,
			);
			path = Protocols;
			sourceTree = "<group>";
		};
		35EB1CA927C8D94300FA0864 = {
			isa = PBXGroup;
			children = (
				35EB1CB427C8D94300FA0864 /* GeoWeatherApp */,
				35EB1CB327C8D94300FA0864 /* Products */,
				91F20CA1E5797FAB4E73331D /* Pods */,
				EC9B5BD0AC8ACDDDFEE5C450 /* Frameworks */,
			);
			sourceTree = "<group>";
		};
		35EB1CB327C8D94300FA0864 /* Products */ = {
			isa = PBXGroup;
			children = (
				35EB1CB227C8D94300FA0864 /* GeoWeatherApp.app */,
			);
			name = Products;
			sourceTree = "<group>";
		};
		35EB1CB427C8D94300FA0864 /* GeoWeatherApp */ = {
			isa = PBXGroup;
			children = (
				35A83BBE28A7F6F600665872 /* Protocols */,
				35029DD52802D2BC00DDFC1E /* API */,
				35029DD92802D52700DDFC1E /* Extensions */,
				35029DD42802D29A00DDFC1E /* Models */,
				35029DD72802D4F600DDFC1E /* View */,
				35029DD82802D50500DDFC1E /* Controller */,
				35029DD62802D2DA00DDFC1E /* Supports files */,
				35EB1CC327C8D94400FA0864 /* Info.plist */,
			);
			path = GeoWeatherApp;
			sourceTree = "<group>";
		};
		91F20CA1E5797FAB4E73331D /* Pods */ = {
			isa = PBXGroup;
			children = (
				6541FA36C89ABA9AA539DB10 /* Pods-GeoWeatherApp.debug.xcconfig */,
				348C56B55F5EEB07275E8F10 /* Pods-GeoWeatherApp.release.xcconfig */,
			);
			path = Pods;
			sourceTree = "<group>";
		};
		EC9B5BD0AC8ACDDDFEE5C450 /* Frameworks */ = {
			isa = PBXGroup;
			children = (
				526110E4495E0BE54B833185 /* Pods_GeoWeatherApp.framework */,
			);
			name = Frameworks;
			sourceTree = "<group>";
		};
/* End PBXGroup section */

/* Begin PBXNativeTarget section */
		35EB1CB127C8D94300FA0864 /* GeoWeatherApp */ = {
			isa = PBXNativeTarget;
			buildConfigurationList = 35EB1CC627C8D94400FA0864 /* Build configuration list for PBXNativeTarget "GeoWeatherApp" */;
			buildPhases = (
				F5DE0DC2335042BDB169B579 /* [CP] Check Pods Manifest.lock */,
				35EB1CAE27C8D94300FA0864 /* Sources */,
				35EB1CAF27C8D94300FA0864 /* Frameworks */,
				35EB1CB027C8D94300FA0864 /* Resources */,
				FBE2C4513EDC1A63FCDB7EAA /* [CP] Embed Pods Frameworks */,
			);
			buildRules = (
			);
			dependencies = (
			);
			name = GeoWeatherApp;
			productName = GeoWeatherApp;
			productReference = 35EB1CB227C8D94300FA0864 /* GeoWeatherApp.app */;
			productType = "com.apple.product-type.application";
		};
/* End PBXNativeTarget section */

/* Begin PBXProject section */
		35EB1CAA27C8D94300FA0864 /* Project object */ = {
			isa = PBXProject;
			attributes = {
				BuildIndependentTargetsInParallel = 1;
				LastSwiftUpdateCheck = 1310;
				LastUpgradeCheck = 1310;
				TargetAttributes = {
					35EB1CB127C8D94300FA0864 = {
						CreatedOnToolsVersion = 13.1;
					};
				};
			};
			buildConfigurationList = 35EB1CAD27C8D94300FA0864 /* Build configuration list for PBXProject "GeoWeatherApp" */;
			compatibilityVersion = "Xcode 13.0";
			developmentRegion = en;
			hasScannedForEncodings = 0;
			knownRegions = (
				en,
				Base,
			);
			mainGroup = 35EB1CA927C8D94300FA0864;
			productRefGroup = 35EB1CB327C8D94300FA0864 /* Products */;
			projectDirPath = "";
			projectRoot = "";
			targets = (
				35EB1CB127C8D94300FA0864 /* GeoWeatherApp */,
			);
		};
/* End PBXProject section */

/* Begin PBXResourcesBuildPhase section */
		35EB1CB027C8D94300FA0864 /* Resources */ = {
			isa = PBXResourcesBuildPhase;
			buildActionMask = 2147483647;
			files = (
				35EB1CC227C8D94400FA0864 /* LaunchScreen.storyboard in Resources */,
				35EB1CBF27C8D94400FA0864 /* Assets.xcassets in Resources */,
				35EB1CBD27C8D94300FA0864 /* Main.storyboard in Resources */,
			);
			runOnlyForDeploymentPostprocessing = 0;
		};
/* End PBXResourcesBuildPhase section */

/* Begin PBXShellScriptBuildPhase section */
		F5DE0DC2335042BDB169B579 /* [CP] Check Pods Manifest.lock */ = {
			isa = PBXShellScriptBuildPhase;
			buildActionMask = 2147483647;
			files = (
			);
			inputFileListPaths = (
			);
			inputPaths = (
				"${PODS_PODFILE_DIR_PATH}/Podfile.lock",
				"${PODS_ROOT}/Manifest.lock",
			);
			name = "[CP] Check Pods Manifest.lock";
			outputFileListPaths = (
			);
			outputPaths = (
				"$(DERIVED_FILE_DIR)/Pods-GeoWeatherApp-checkManifestLockResult.txt",
			);
			runOnlyForDeploymentPostprocessing = 0;
			shellPath = /bin/sh;
			shellScript = "diff \"${PODS_PODFILE_DIR_PATH}/Podfile.lock\" \"${PODS_ROOT}/Manifest.lock\" > /dev/null\nif [ $? != 0 ] ; then\n    # print error to STDERR\n    echo \"error: The sandbox is not in sync with the Podfile.lock. Run 'pod install' or update your CocoaPods installation.\" >&2\n    exit 1\nfi\n# This output is used by Xcode 'outputs' to avoid re-running this script phase.\necho \"SUCCESS\" > \"${SCRIPT_OUTPUT_FILE_0}\"\n";
			showEnvVarsInLog = 0;
		};
		FBE2C4513EDC1A63FCDB7EAA /* [CP] Embed Pods Frameworks */ = {
			isa = PBXShellScriptBuildPhase;
			buildActionMask = 2147483647;
			files = (
			);
			inputFileListPaths = (
				"${PODS_ROOT}/Target Support Files/Pods-GeoWeatherApp/Pods-GeoWeatherApp-frameworks-${CONFIGURATION}-input-files.xcfilelist",
			);
			name = "[CP] Embed Pods Frameworks";
			outputFileListPaths = (
				"${PODS_ROOT}/Target Support Files/Pods-GeoWeatherApp/Pods-GeoWeatherApp-frameworks-${CONFIGURATION}-output-files.xcfilelist",
			);
			runOnlyForDeploymentPostprocessing = 0;
			shellPath = /bin/sh;
			shellScript = "\"${PODS_ROOT}/Target Support Files/Pods-GeoWeatherApp/Pods-GeoWeatherApp-frameworks.sh\"\n";
			showEnvVarsInLog = 0;
		};
/* End PBXShellScriptBuildPhase section */

/* Begin PBXSourcesBuildPhase section */
		35EB1CAE27C8D94300FA0864 /* Sources */ = {
			isa = PBXSourcesBuildPhase;
			buildActionMask = 2147483647;
			files = (
				35029DDE2802FFE700DDFC1E /* MapView.swift in Sources */,
				35029DDB2802D59F00DDFC1E /* +UIView.swift in Sources */,
				35029DE32803002400DDFC1E /* MapTableViewCell.swift in Sources */,
				35EB1CCA27C8D94D00FA0864 /* APIManager.swift in Sources */,
				35EB1CBA27C8D94300FA0864 /* ViewController.swift in Sources */,
				35A83BBD28A6FED100665872 /* +UIStackView.swift in Sources */,
				35A83BC028A7F9C500665872 /* Transfers.swift in Sources */,
				35EB1CB627C8D94300FA0864 /* AppDelegate.swift in Sources */,
				35029DE52803003700DDFC1E /* TemperatureTableViewCell.swift in Sources */,
				3510355F27C8DB2700993B76 /* OpenWeatherData.swift in Sources */,
				35029DE02802FFF900DDFC1E /* CityTemperatureView.swift in Sources */,
				35EB1CB827C8D94300FA0864 /* SceneDelegate.swift in Sources */,
			);
			runOnlyForDeploymentPostprocessing = 0;
		};
/* End PBXSourcesBuildPhase section */

/* Begin PBXVariantGroup section */
		35EB1CBB27C8D94300FA0864 /* Main.storyboard */ = {
			isa = PBXVariantGroup;
			children = (
				35EB1CBC27C8D94300FA0864 /* Base */,
			);
			name = Main.storyboard;
			sourceTree = "<group>";
		};
		35EB1CC027C8D94400FA0864 /* LaunchScreen.storyboard */ = {
			isa = PBXVariantGroup;
			children = (
				35EB1CC127C8D94400FA0864 /* Base */,
			);
			name = LaunchScreen.storyboard;
			sourceTree = "<group>";
		};
/* End PBXVariantGroup section */

/* Begin XCBuildConfiguration section */
		35EB1CC427C8D94400FA0864 /* Debug */ = {
			isa = XCBuildConfiguration;
			buildSettings = {
				ALWAYS_SEARCH_USER_PATHS = NO;
				CLANG_ANALYZER_NONNULL = YES;
				CLANG_ANALYZER_NUMBER_OBJECT_CONVERSION = YES_AGGRESSIVE;
				CLANG_CXX_LANGUAGE_STANDARD = "gnu++17";
				CLANG_CXX_LIBRARY = "libc++";
				CLANG_ENABLE_MODULES = YES;
				CLANG_ENABLE_OBJC_ARC = YES;
				CLANG_ENABLE_OBJC_WEAK = YES;
				CLANG_WARN_BLOCK_CAPTURE_AUTORELEASING = YES;
				CLANG_WARN_BOOL_CONVERSION = YES;
				CLANG_WARN_COMMA = YES;
				CLANG_WARN_CONSTANT_CONVERSION = YES;
				CLANG_WARN_DEPRECATED_OBJC_IMPLEMENTATIONS = YES;
				CLANG_WARN_DIRECT_OBJC_ISA_USAGE = YES_ERROR;
				CLANG_WARN_DOCUMENTATION_COMMENTS = YES;
				CLANG_WARN_EMPTY_BODY = YES;
				CLANG_WARN_ENUM_CONVERSION = YES;
				CLANG_WARN_INFINITE_RECURSION = YES;
				CLANG_WARN_INT_CONVERSION = YES;
				CLANG_WARN_NON_LITERAL_NULL_CONVERSION = YES;
				CLANG_WARN_OBJC_IMPLICIT_RETAIN_SELF = YES;
				CLANG_WARN_OBJC_LITERAL_CONVERSION = YES;
				CLANG_WARN_OBJC_ROOT_CLASS = YES_ERROR;
				CLANG_WARN_QUOTED_INCLUDE_IN_FRAMEWORK_HEADER = YES;
				CLANG_WARN_RANGE_LOOP_ANALYSIS = YES;
				CLANG_WARN_STRICT_PROTOTYPES = YES;
				CLANG_WARN_SUSPICIOUS_MOVE = YES;
				CLANG_WARN_UNGUARDED_AVAILABILITY = YES_AGGRESSIVE;
				CLANG_WARN_UNREACHABLE_CODE = YES;
				CLANG_WARN__DUPLICATE_METHOD_MATCH = YES;
				COPY_PHASE_STRIP = NO;
				DEBUG_INFORMATION_FORMAT = dwarf;
				ENABLE_STRICT_OBJC_MSGSEND = YES;
				ENABLE_TESTABILITY = YES;
				GCC_C_LANGUAGE_STANDARD = gnu11;
				GCC_DYNAMIC_NO_PIC = NO;
				GCC_NO_COMMON_BLOCKS = YES;
				GCC_OPTIMIZATION_LEVEL = 0;
				GCC_PREPROCESSOR_DEFINITIONS = (
					"DEBUG=1",
					"$(inherited)",
				);
				GCC_WARN_64_TO_32_BIT_CONVERSION = YES;
				GCC_WARN_ABOUT_RETURN_TYPE = YES_ERROR;
				GCC_WARN_UNDECLARED_SELECTOR = YES;
				GCC_WARN_UNINITIALIZED_AUTOS = YES_AGGRESSIVE;
				GCC_WARN_UNUSED_FUNCTION = YES;
				GCC_WARN_UNUSED_VARIABLE = YES;
				IPHONEOS_DEPLOYMENT_TARGET = 15.0;
				MTL_ENABLE_DEBUG_INFO = INCLUDE_SOURCE;
				MTL_FAST_MATH = YES;
				ONLY_ACTIVE_ARCH = YES;
				SDKROOT = iphoneos;
				SWIFT_ACTIVE_COMPILATION_CONDITIONS = DEBUG;
				SWIFT_OPTIMIZATION_LEVEL = "-Onone";
			};
			name = Debug;
		};
		35EB1CC527C8D94400FA0864 /* Release */ = {
			isa = XCBuildConfiguration;
			buildSettings = {
				ALWAYS_SEARCH_USER_PATHS = NO;
				CLANG_ANALYZER_NONNULL = YES;
				CLANG_ANALYZER_NUMBER_OBJECT_CONVERSION = YES_AGGRESSIVE;
				CLANG_CXX_LANGUAGE_STANDARD = "gnu++17";
				CLANG_CXX_LIBRARY = "libc++";
				CLANG_ENABLE_MODULES = YES;
				CLANG_ENABLE_OBJC_ARC = YES;
				CLANG_ENABLE_OBJC_WEAK = YES;
				CLANG_WARN_BLOCK_CAPTURE_AUTORELEASING = YES;
				CLANG_WARN_BOOL_CONVERSION = YES;
				CLANG_WARN_COMMA = YES;
				CLANG_WARN_CONSTANT_CONVERSION = YES;
				CLANG_WARN_DEPRECATED_OBJC_IMPLEMENTATIONS = YES;
				CLANG_WARN_DIRECT_OBJC_ISA_USAGE = YES_ERROR;
				CLANG_WARN_DOCUMENTATION_COMMENTS = YES;
				CLANG_WARN_EMPTY_BODY = YES;
				CLANG_WARN_ENUM_CONVERSION = YES;
				CLANG_WARN_INFINITE_RECURSION = YES;
				CLANG_WARN_INT_CONVERSION = YES;
				CLANG_WARN_NON_LITERAL_NULL_CONVERSION = YES;
				CLANG_WARN_OBJC_IMPLICIT_RETAIN_SELF = YES;
				CLANG_WARN_OBJC_LITERAL_CONVERSION = YES;
				CLANG_WARN_OBJC_ROOT_CLASS = YES_ERROR;
				CLANG_WARN_QUOTED_INCLUDE_IN_FRAMEWORK_HEADER = YES;
				CLANG_WARN_RANGE_LOOP_ANALYSIS = YES;
				CLANG_WARN_STRICT_PROTOTYPES = YES;
				CLANG_WARN_SUSPICIOUS_MOVE = YES;
				CLANG_WARN_UNGUARDED_AVAILABILITY = YES_AGGRESSIVE;
				CLANG_WARN_UNREACHABLE_CODE = YES;
				CLANG_WARN__DUPLICATE_METHOD_MATCH = YES;
				COPY_PHASE_STRIP = NO;
				DEBUG_INFORMATION_FORMAT = "dwarf-with-dsym";
				ENABLE_NS_ASSERTIONS = NO;
				ENABLE_STRICT_OBJC_MSGSEND = YES;
				GCC_C_LANGUAGE_STANDARD = gnu11;
				GCC_NO_COMMON_BLOCKS = YES;
				GCC_WARN_64_TO_32_BIT_CONVERSION = YES;
				GCC_WARN_ABOUT_RETURN_TYPE = YES_ERROR;
				GCC_WARN_UNDECLARED_SELECTOR = YES;
				GCC_WARN_UNINITIALIZED_AUTOS = YES_AGGRESSIVE;
				GCC_WARN_UNUSED_FUNCTION = YES;
				GCC_WARN_UNUSED_VARIABLE = YES;
				IPHONEOS_DEPLOYMENT_TARGET = 15.0;
				MTL_ENABLE_DEBUG_INFO = NO;
				MTL_FAST_MATH = YES;
				SDKROOT = iphoneos;
				SWIFT_COMPILATION_MODE = wholemodule;
				SWIFT_OPTIMIZATION_LEVEL = "-O";
				VALIDATE_PRODUCT = YES;
			};
			name = Release;
		};
		35EB1CC727C8D94400FA0864 /* Debug */ = {
			isa = XCBuildConfiguration;
			baseConfigurationReference = 6541FA36C89ABA9AA539DB10 /* Pods-GeoWeatherApp.debug.xcconfig */;
			buildSettings = {
				ASSETCATALOG_COMPILER_APPICON_NAME = AppIcon;
				ASSETCATALOG_COMPILER_GLOBAL_ACCENT_COLOR_NAME = AccentColor;
				CODE_SIGN_STYLE = Automatic;
				CURRENT_PROJECT_VERSION = 1;
				DEVELOPMENT_TEAM = JVDQ9Y8FXL;
				GENERATE_INFOPLIST_FILE = YES;
				INFOPLIST_FILE = GeoWeatherApp/Info.plist;
				INFOPLIST_KEY_UIApplicationSupportsIndirectInputEvents = YES;
				INFOPLIST_KEY_UILaunchStoryboardName = LaunchScreen;
				INFOPLIST_KEY_UIMainStoryboardFile = Main;
				INFOPLIST_KEY_UISupportedInterfaceOrientations_iPad = "UIInterfaceOrientationPortrait UIInterfaceOrientationPortraitUpsideDown UIInterfaceOrientationLandscapeLeft UIInterfaceOrientationLandscapeRight";
				INFOPLIST_KEY_UISupportedInterfaceOrientations_iPhone = "UIInterfaceOrientationPortrait UIInterfaceOrientationLandscapeLeft UIInterfaceOrientationLandscapeRight";
				LD_RUNPATH_SEARCH_PATHS = (
					"$(inherited)",
					"@executable_path/Frameworks",
				);
				MARKETING_VERSION = 1.0;
				PRODUCT_BUNDLE_IDENTIFIER = pewpew.GeoWeatherApp;
				PRODUCT_NAME = "$(TARGET_NAME)";
				SWIFT_EMIT_LOC_STRINGS = YES;
				SWIFT_VERSION = 5.0;
				TARGETED_DEVICE_FAMILY = "1,2";
			};
			name = Debug;
		};
		35EB1CC827C8D94400FA0864 /* Release */ = {
			isa = XCBuildConfiguration;
			baseConfigurationReference = 348C56B55F5EEB07275E8F10 /* Pods-GeoWeatherApp.release.xcconfig */;
			buildSettings = {
				ASSETCATALOG_COMPILER_APPICON_NAME = AppIcon;
				ASSETCATALOG_COMPILER_GLOBAL_ACCENT_COLOR_NAME = AccentColor;
				CODE_SIGN_STYLE = Automatic;
				CURRENT_PROJECT_VERSION = 1;
				DEVELOPMENT_TEAM = JVDQ9Y8FXL;
				GENERATE_INFOPLIST_FILE = YES;
				INFOPLIST_FILE = GeoWeatherApp/Info.plist;
				INFOPLIST_KEY_UIApplicationSupportsIndirectInputEvents = YES;
				INFOPLIST_KEY_UILaunchStoryboardName = LaunchScreen;
				INFOPLIST_KEY_UIMainStoryboardFile = Main;
				INFOPLIST_KEY_UISupportedInterfaceOrientations_iPad = "UIInterfaceOrientationPortrait UIInterfaceOrientationPortraitUpsideDown UIInterfaceOrientationLandscapeLeft UIInterfaceOrientationLandscapeRight";
				INFOPLIST_KEY_UISupportedInterfaceOrientations_iPhone = "UIInterfaceOrientationPortrait UIInterfaceOrientationLandscapeLeft UIInterfaceOrientationLandscapeRight";
				LD_RUNPATH_SEARCH_PATHS = (
					"$(inherited)",
					"@executable_path/Frameworks",
				);
				MARKETING_VERSION = 1.0;
				PRODUCT_BUNDLE_IDENTIFIER = pewpew.GeoWeatherApp;
				PRODUCT_NAME = "$(TARGET_NAME)";
				SWIFT_EMIT_LOC_STRINGS = YES;
				SWIFT_VERSION = 5.0;
				TARGETED_DEVICE_FAMILY = "1,2";
			};
			name = Release;
		};
/* End XCBuildConfiguration section */

/* Begin XCConfigurationList section */
		35EB1CAD27C8D94300FA0864 /* Build configuration list for PBXProject "GeoWeatherApp" */ = {
			isa = XCConfigurationList;
			buildConfigurations = (
				35EB1CC427C8D94400FA0864 /* Debug */,
				35EB1CC527C8D94400FA0864 /* Release */,
			);
			defaultConfigurationIsVisible = 0;
			defaultConfigurationName = Release;
		};
		35EB1CC627C8D94400FA0864 /* Build configuration list for PBXNativeTarget "GeoWeatherApp" */ = {
			isa = XCConfigurationList;
			buildConfigurations = (
				35EB1CC727C8D94400FA0864 /* Debug */,
				35EB1CC827C8D94400FA0864 /* Release */,
			);
			defaultConfigurationIsVisible = 0;
			defaultConfigurationName = Release;
		};
/* End XCConfigurationList section */
	};
	rootObject = 35EB1CAA27C8D94300FA0864 /* Project object */;
}
